
Microsoft Visual Studio Solution File, Format Version 12.00
# Visual Studio Version 17
VisualStudioVersion = 17.11.35303.130
MinimumVisualStudioVersion = 10.0.40219.1
Project("{8BC9CEB8-8B4A-11D0-8D11-00A0C91BC942}") = "ООП лаб 5 зад 5", "ООП лаб 5 зад 5\ООП лаб 5 зад 5.vcxproj", "{EF90D317-F934-4761-9152-E5FF855177C8}"
EndProject
Global
	GlobalSection(SolutionConfigurationPlatforms) = preSolution
		Debug|x64 = Debug|x64
		Debug|x86 = Debug|x86
		Release|x64 = Release|x64
		Release|x86 = Release|x86
	EndGlobalSection
	GlobalSection(ProjectConfigurationPlatforms) = postSolution
		{EF90D317-F934-4761-9152-E5FF855177C8}.Debug|x64.ActiveCfg = Debug|x64
		{EF90D317-F934-4761-9152-E5FF855177C8}.Debug|x64.Build.0 = Debug|x64
		{EF90D317-F934-4761-9152-E5FF855177C8}.Debug|x86.ActiveCfg = Debug|Win32
		{EF90D317-F934-4761-9152-E5FF855177C8}.Debug|x86.Build.0 = Debug|Win32
		{EF90D317-F934-4761-9152-E5FF855177C8}.Release|x64.ActiveCfg = Release|x64
		{EF90D317-F934-4761-9152-E5FF855177C8}.Release|x64.Build.0 = Release|x64
		{EF90D317-F934-4761-9152-E5FF855177C8}.Release|x86.ActiveCfg = Release|Win32
		{EF90D317-F934-4761-9152-E5FF855177C8}.Release|x86.Build.0 = Release|Win32
	EndGlobalSection
	GlobalSection(SolutionProperties) = preSolution
		HideSolutionNode = FALSE
	EndGlobalSection
	GlobalSection(ExtensibilityGlobals) = postSolution
		SolutionGuid = {FFC943AD-E4BD-4348-A9E4-DCF431A75DC7}
	EndGlobalSection
EndGlobal
